
Microsoft Visual Studio Solution File, Format Version 12.00
# Visual Studio 14
VisualStudioVersion = 14.0.25420.1
MinimumVisualStudioVersion = 10.0.40219.1
Project("{8BC9CEB8-8B4A-11D0-8D11-00A0C91BC942}") = "SemiGlobalMatching", "SemiGlobalMatching\SemiGlobalMatching.vcxproj", "{1798A6B8-0A45-4487-BA09-A06A0ACAFF7F}"
EndProject
Global
	GlobalSection(SolutionConfigurationPlatforms) = preSolution
		Debug|x64 = Debug|x64
		Debug|x86 = Debug|x86
		Release|x64 = Release|x64
		Release|x86 = Release|x86
	EndGlobalSection
	GlobalSection(ProjectConfigurationPlatforms) = postSolution
		{1798A6B8-0A45-4487-BA09-A06A0ACAFF7F}.Debug|x64.ActiveCfg = Debug|x64
		{1798A6B8-0A45-4487-BA09-A06A0ACAFF7F}.Debug|x64.Build.0 = Debug|x64
		{1798A6B8-0A45-4487-BA09-A06A0ACAFF7F}.Debug|x86.ActiveCfg = Debug|Win32
		{1798A6B8-0A45-4487-BA09-A06A0ACAFF7F}.Debug|x86.Build.0 = Debug|Win32
		{1798A6B8-0A45-4487-BA09-A06A0ACAFF7F}.Release|x64.ActiveCfg = Release|x64
		{1798A6B8-0A45-4487-BA09-A06A0ACAFF7F}.Release|x64.Build.0 = Release|x64
		{1798A6B8-0A45-4487-BA09-A06A0ACAFF7F}.Release|x86.ActiveCfg = Release|Win32
		{1798A6B8-0A45-4487-BA09-A06A0ACAFF7F}.Release|x86.Build.0 = Release|Win32
	EndGlobalSection
	GlobalSection(SolutionProperties) = preSolution
		HideSolutionNode = FALSE
	EndGlobalSection
	GlobalSection(ExtensibilityGlobals) = postSolution
		SolutionGuid = {7198B3CA-2D08-4A7F-B779-B9A3F8700FB8}
	EndGlobalSection
EndGlobal
